
Microsoft Visual Studio Solution File, Format Version 12.00
# Visual Studio 14
VisualStudioVersion = 14.0.25420.1
MinimumVisualStudioVersion = 10.0.40219.1
Project("{FAE04EC0-301F-11D3-BF4B-00C04F79EFBC}") = "NugetServerApp", "WebApplication1\NugetServerApp.csproj", "{491BEE4C-7BD0-41AD-9818-7F50636A524D}"
EndProject
Project("{CC5FD16D-436D-48AD-A40C-5A424C6E3E79}") = "NugetServerApp.Azure", "NugetServerApp.Azure\NugetServerApp.Azure.ccproj", "{AAD9945D-4184-4AC5-B3F5-1BE8111FBBFD}"
EndProject
Global
	GlobalSection(SolutionConfigurationPlatforms) = preSolution
		Debug|Any CPU = Debug|Any CPU
		Release|Any CPU = Release|Any CPU
	EndGlobalSection
	GlobalSection(ProjectConfigurationPlatforms) = postSolution
		{491BEE4C-7BD0-41AD-9818-7F50636A524D}.Debug|Any CPU.ActiveCfg = Debug|Any CPU
		{491BEE4C-7BD0-41AD-9818-7F50636A524D}.Debug|Any CPU.Build.0 = Debug|Any CPU
		{491BEE4C-7BD0-41AD-9818-7F50636A524D}.Release|Any CPU.ActiveCfg = Release|Any CPU
		{491BEE4C-7BD0-41AD-9818-7F50636A524D}.Release|Any CPU.Build.0 = Release|Any CPU
		{AAD9945D-4184-4AC5-B3F5-1BE8111FBBFD}.Debug|Any CPU.ActiveCfg = Debug|Any CPU
		{AAD9945D-4184-4AC5-B3F5-1BE8111FBBFD}.Debug|Any CPU.Build.0 = Debug|Any CPU
		{AAD9945D-4184-4AC5-B3F5-1BE8111FBBFD}.Release|Any CPU.ActiveCfg = Release|Any CPU
		{AAD9945D-4184-4AC5-B3F5-1BE8111FBBFD}.Release|Any CPU.Build.0 = Release|Any CPU
	EndGlobalSection
	GlobalSection(SolutionProperties) = preSolution
		HideSolutionNode = FALSE
	EndGlobalSection
EndGlobal
